// !$*UTF8*$!
{
	archiveVersion = 1;
	classes = {
	};
	objectVersion = 48;
	objects = {

/* Begin PBXBuildFile section */
		1ECAB9671FC80F2000183C3E /* AppDelegate.swift in Sources */ = {isa = PBXBuildFile; fileRef = 1ECAB9661FC80F2000183C3E /* AppDelegate.swift */; };
		1ECAB9691FC80F2000183C3E /* ViewController.swift in Sources */ = {isa = PBXBuildFile; fileRef = 1ECAB9681FC80F2000183C3E /* ViewController.swift */; };
		1ECAB96C1FC80F2000183C3E /* Main.storyboard in Resources */ = {isa = PBXBuildFile; fileRef = 1ECAB96A1FC80F2000183C3E /* Main.storyboard */; };
		1ECAB96E1FC80F2000183C3E /* Assets.xcassets in Resources */ = {isa = PBXBuildFile; fileRef = 1ECAB96D1FC80F2000183C3E /* Assets.xcassets */; };
		1ECAB9711FC80F2000183C3E /* LaunchScreen.storyboard in Resources */ = {isa = PBXBuildFile; fileRef = 1ECAB96F1FC80F2000183C3E /* LaunchScreen.storyboard */; };
		1ECAB97D1FC8138C00183C3E /* Store.swift in Sources */ = {isa = PBXBuildFile; fileRef = 1ECAB97C1FC8138C00183C3E /* Store.swift */; };
		1ECAB9801FC81E8900183C3E /* ItemPickerView.xib in Resources */ = {isa = PBXBuildFile; fileRef = 1ECAB97F1FC81E8900183C3E /* ItemPickerView.xib */; };
		1ECAB9821FC81F0500183C3E /* ItemPicker.swift in Sources */ = {isa = PBXBuildFile; fileRef = 1ECAB9811FC81F0500183C3E /* ItemPicker.swift */; };
		1ECAB9841FC85BC800183C3E /* DataStore.swift in Sources */ = {isa = PBXBuildFile; fileRef = 1ECAB9831FC85BC800183C3E /* DataStore.swift */; };
		1ECAB9881FC8602A00183C3E /* Settings.bundle in Resources */ = {isa = PBXBuildFile; fileRef = 1ECAB9871FC8602A00183C3E /* Settings.bundle */; };
		1ECAB98A1FC8626400183C3E /* ItemURL.swift in Sources */ = {isa = PBXBuildFile; fileRef = 1ECAB9891FC8626400183C3E /* ItemURL.swift */; };
/* End PBXBuildFile section */

/* Begin PBXFileReference section */
		1ECAB9631FC80F2000183C3E /* Corsicam.app */ = {isa = PBXFileReference; explicitFileType = wrapper.application; includeInIndex = 0; path = Corsicam.app; sourceTree = BUILT_PRODUCTS_DIR; };
		1ECAB9661FC80F2000183C3E /* AppDelegate.swift */ = {isa = PBXFileReference; lastKnownFileType = sourcecode.swift; path = AppDelegate.swift; sourceTree = "<group>"; };
		1ECAB9681FC80F2000183C3E /* ViewController.swift */ = {isa = PBXFileReference; lastKnownFileType = sourcecode.swift; path = ViewController.swift; sourceTree = "<group>"; };
		1ECAB96B1FC80F2000183C3E /* Base */ = {isa = PBXFileReference; lastKnownFileType = file.storyboard; name = Base; path = Base.lproj/Main.storyboard; sourceTree = "<group>"; };
		1ECAB96D1FC80F2000183C3E /* Assets.xcassets */ = {isa = PBXFileReference; lastKnownFileType = folder.assetcatalog; path = Assets.xcassets; sourceTree = "<group>"; };
		1ECAB9701FC80F2000183C3E /* Base */ = {isa = PBXFileReference; lastKnownFileType = file.storyboard; name = Base; path = Base.lproj/LaunchScreen.storyboard; sourceTree = "<group>"; };
		1ECAB9721FC80F2000183C3E /* Info.plist */ = {isa = PBXFileReference; lastKnownFileType = text.plist.xml; path = Info.plist; sourceTree = "<group>"; };
		1ECAB97C1FC8138C00183C3E /* Store.swift */ = {isa = PBXFileReference; lastKnownFileType = sourcecode.swift; path = Store.swift; sourceTree = "<group>"; };
		1ECAB97F1FC81E8900183C3E /* ItemPickerView.xib */ = {isa = PBXFileReference; lastKnownFileType = file.xib; path = ItemPickerView.xib; sourceTree = "<group>"; };
		1ECAB9811FC81F0500183C3E /* ItemPicker.swift */ = {isa = PBXFileReference; lastKnownFileType = sourcecode.swift; path = ItemPicker.swift; sourceTree = "<group>"; };
		1ECAB9831FC85BC800183C3E /* DataStore.swift */ = {isa = PBXFileReference; lastKnownFileType = sourcecode.swift; path = DataStore.swift; sourceTree = "<group>"; };
		1ECAB9871FC8602A00183C3E /* Settings.bundle */ = {isa = PBXFileReference; lastKnownFileType = "wrapper.plug-in"; path = Settings.bundle; sourceTree = "<group>"; };
		1ECAB9891FC8626400183C3E /* ItemURL.swift */ = {isa = PBXFileReference; lastKnownFileType = sourcecode.swift; path = ItemURL.swift; sourceTree = "<group>"; };
/* End PBXFileReference section */

/* Begin PBXFrameworksBuildPhase section */
		1ECAB9601FC80F2000183C3E /* Frameworks */ = {
			isa = PBXFrameworksBuildPhase;
			buildActionMask = 2147483647;
			files = (
			);
			runOnlyForDeploymentPostprocessing = 0;
		};
/* End PBXFrameworksBuildPhase section */

/* Begin PBXGroup section */
		1ECAB95A1FC80F2000183C3E = {
			isa = PBXGroup;
			children = (
				1ECAB9651FC80F2000183C3E /* Corsicam */,
				1ECAB9641FC80F2000183C3E /* Products */,
			);
			sourceTree = "<group>";
		};
		1ECAB9641FC80F2000183C3E /* Products */ = {
			isa = PBXGroup;
			children = (
				1ECAB9631FC80F2000183C3E /* Corsicam.app */,
			);
			name = Products;
			sourceTree = "<group>";
		};
		1ECAB9651FC80F2000183C3E /* Corsicam */ = {
			isa = PBXGroup;
			children = (
				1ECAB97E1FC81E4E00183C3E /* View */,
				1ECAB97B1FC8138000183C3E /* Model */,
				1ECAB9661FC80F2000183C3E /* AppDelegate.swift */,
				1ECAB9681FC80F2000183C3E /* ViewController.swift */,
				1ECAB96A1FC80F2000183C3E /* Main.storyboard */,
				1ECAB96D1FC80F2000183C3E /* Assets.xcassets */,
				1ECAB96F1FC80F2000183C3E /* LaunchScreen.storyboard */,
				1ECAB9721FC80F2000183C3E /* Info.plist */,
				1ECAB9871FC8602A00183C3E /* Settings.bundle */,
			);
			path = Corsicam;
			sourceTree = "<group>";
		};
		1ECAB97B1FC8138000183C3E /* Model */ = {
			isa = PBXGroup;
			children = (
				1ECAB97C1FC8138C00183C3E /* Store.swift */,
				1ECAB9811FC81F0500183C3E /* ItemPicker.swift */,
				1ECAB9831FC85BC800183C3E /* DataStore.swift */,
				1ECAB9891FC8626400183C3E /* ItemURL.swift */,
			);
			path = Model;
			sourceTree = "<group>";
		};
		1ECAB97E1FC81E4E00183C3E /* View */ = {
			isa = PBXGroup;
			children = (
				1ECAB97F1FC81E8900183C3E /* ItemPickerView.xib */,
			);
			path = View;
			sourceTree = "<group>";
		};
/* End PBXGroup section */

/* Begin PBXNativeTarget section */
		1ECAB9621FC80F2000183C3E /* Corsicam */ = {
			isa = PBXNativeTarget;
			buildConfigurationList = 1ECAB9751FC80F2000183C3E /* Build configuration list for PBXNativeTarget "Corsicam" */;
			buildPhases = (
				1ECAB95F1FC80F2000183C3E /* Sources */,
				1ECAB9601FC80F2000183C3E /* Frameworks */,
				1ECAB9611FC80F2000183C3E /* Resources */,
			);
			buildRules = (
			);
			dependencies = (
			);
			name = Corsicam;
			productName = Corsicam;
			productReference = 1ECAB9631FC80F2000183C3E /* Corsicam.app */;
			productType = "com.apple.product-type.application";
		};
/* End PBXNativeTarget section */

/* Begin PBXProject section */
		1ECAB95B1FC80F2000183C3E /* Project object */ = {
			isa = PBXProject;
			attributes = {
				LastSwiftUpdateCheck = 0910;
				LastUpgradeCheck = 0910;
				ORGANIZATIONNAME = "Jeremie Elbaz";
				TargetAttributes = {
					1ECAB9621FC80F2000183C3E = {
						CreatedOnToolsVersion = 9.1;
						ProvisioningStyle = Automatic;
					};
				};
			};
			buildConfigurationList = 1ECAB95E1FC80F2000183C3E /* Build configuration list for PBXProject "Corsicam" */;
			compatibilityVersion = "Xcode 8.0";
			developmentRegion = en;
			hasScannedForEncodings = 0;
			knownRegions = (
				en,
				Base,
			);
			mainGroup = 1ECAB95A1FC80F2000183C3E;
			productRefGroup = 1ECAB9641FC80F2000183C3E /* Products */;
			projectDirPath = "";
			projectRoot = "";
			targets = (
				1ECAB9621FC80F2000183C3E /* Corsicam */,
			);
		};
/* End PBXProject section */

/* Begin PBXResourcesBuildPhase section */
		1ECAB9611FC80F2000183C3E /* Resources */ = {
			isa = PBXResourcesBuildPhase;
			buildActionMask = 2147483647;
			files = (
				1ECAB9801FC81E8900183C3E /* ItemPickerView.xib in Resources */,
				1ECAB9711FC80F2000183C3E /* LaunchScreen.storyboard in Resources */,
				1ECAB9881FC8602A00183C3E /* Settings.bundle in Resources */,
				1ECAB96E1FC80F2000183C3E /* Assets.xcassets in Resources */,
				1ECAB96C1FC80F2000183C3E /* Main.storyboard in Resources */,
			);
			runOnlyForDeploymentPostprocessing = 0;
		};
/* End PBXResourcesBuildPhase section */

/* Begin PBXSourcesBuildPhase section */
		1ECAB95F1FC80F2000183C3E /* Sources */ = {
			isa = PBXSourcesBuildPhase;
			buildActionMask = 2147483647;
			files = (
				1ECAB98A1FC8626400183C3E /* ItemURL.swift in Sources */,
				1ECAB9821FC81F0500183C3E /* ItemPicker.swift in Sources */,
				1ECAB97D1FC8138C00183C3E /* Store.swift in Sources */,
				1ECAB9691FC80F2000183C3E /* ViewController.swift in Sources */,
				1ECAB9841FC85BC800183C3E /* DataStore.swift in Sources */,
				1ECAB9671FC80F2000183C3E /* AppDelegate.swift in Sources */,
			);
			runOnlyForDeploymentPostprocessing = 0;
		};
/* End PBXSourcesBuildPhase section */

/* Begin PBXVariantGroup section */
		1ECAB96A1FC80F2000183C3E /* Main.storyboard */ = {
			isa = PBXVariantGroup;
			children = (
				1ECAB96B1FC80F2000183C3E /* Base */,
			);
			name = Main.storyboard;
			sourceTree = "<group>";
		};
		1ECAB96F1FC80F2000183C3E /* LaunchScreen.storyboard */ = {
			isa = PBXVariantGroup;
			children = (
				1ECAB9701FC80F2000183C3E /* Base */,
			);
			name = LaunchScreen.storyboard;
			sourceTree = "<group>";
		};
/* End PBXVariantGroup section */

/* Begin XCBuildConfiguration section */
		1ECAB9731FC80F2000183C3E /* Debug */ = {
			isa = XCBuildConfiguration;
			buildSettings = {
				ALWAYS_SEARCH_USER_PATHS = NO;
				CLANG_ANALYZER_NONNULL = YES;
				CLANG_ANALYZER_NUMBER_OBJECT_CONVERSION = YES_AGGRESSIVE;
				CLANG_CXX_LANGUAGE_STANDARD = "gnu++14";
				CLANG_CXX_LIBRARY = "libc++";
				CLANG_ENABLE_MODULES = YES;
				CLANG_ENABLE_OBJC_ARC = YES;
				CLANG_WARN_BLOCK_CAPTURE_AUTORELEASING = YES;
				CLANG_WARN_BOOL_CONVERSION = YES;
				CLANG_WARN_COMMA = YES;
				CLANG_WARN_CONSTANT_CONVERSION = YES;
				CLANG_WARN_DIRECT_OBJC_ISA_USAGE = YES_ERROR;
				CLANG_WARN_DOCUMENTATION_COMMENTS = YES;
				CLANG_WARN_EMPTY_BODY = YES;
				CLANG_WARN_ENUM_CONVERSION = YES;
				CLANG_WARN_INFINITE_RECURSION = YES;
				CLANG_WARN_INT_CONVERSION = YES;
				CLANG_WARN_NON_LITERAL_NULL_CONVERSION = YES;
				CLANG_WARN_OBJC_LITERAL_CONVERSION = YES;
				CLANG_WARN_OBJC_ROOT_CLASS = YES_ERROR;
				CLANG_WARN_RANGE_LOOP_ANALYSIS = YES;
				CLANG_WARN_STRICT_PROTOTYPES = YES;
				CLANG_WARN_SUSPICIOUS_MOVE = YES;
				CLANG_WARN_UNGUARDED_AVAILABILITY = YES_AGGRESSIVE;
				CLANG_WARN_UNREACHABLE_CODE = YES;
				CLANG_WARN__DUPLICATE_METHOD_MATCH = YES;
				CODE_SIGN_IDENTITY = "iPhone Developer";
				COPY_PHASE_STRIP = NO;
				DEBUG_INFORMATION_FORMAT = dwarf;
				ENABLE_STRICT_OBJC_MSGSEND = YES;
				ENABLE_TESTABILITY = YES;
				GCC_C_LANGUAGE_STANDARD = gnu11;
				GCC_DYNAMIC_NO_PIC = NO;
				GCC_NO_COMMON_BLOCKS = YES;
				GCC_OPTIMIZATION_LEVEL = 0;
				GCC_PREPROCESSOR_DEFINITIONS = (
					"DEBUG=1",
					"$(inherited)",
				);
				GCC_WARN_64_TO_32_BIT_CONVERSION = YES;
				GCC_WARN_ABOUT_RETURN_TYPE = YES_ERROR;
				GCC_WARN_UNDECLARED_SELECTOR = YES;
				GCC_WARN_UNINITIALIZED_AUTOS = YES_AGGRESSIVE;
				GCC_WARN_UNUSED_FUNCTION = YES;
				GCC_WARN_UNUSED_VARIABLE = YES;
				IPHONEOS_DEPLOYMENT_TARGET = 11.1;
				MTL_ENABLE_DEBUG_INFO = YES;
				ONLY_ACTIVE_ARCH = YES;
				SDKROOT = iphoneos;
				SWIFT_ACTIVE_COMPILATION_CONDITIONS = DEBUG;
				SWIFT_OPTIMIZATION_LEVEL = "-Onone";
			};
			name = Debug;
		};
		1ECAB9741FC80F2000183C3E /* Release */ = {
			isa = XCBuildConfiguration;
			buildSettings = {
				ALWAYS_SEARCH_USER_PATHS = NO;
				CLANG_ANALYZER_NONNULL = YES;
				CLANG_ANALYZER_NUMBER_OBJECT_CONVERSION = YES_AGGRESSIVE;
				CLANG_CXX_LANGUAGE_STANDARD = "gnu++14";
				CLANG_CXX_LIBRARY = "libc++";
				CLANG_ENABLE_MODULES = YES;
				CLANG_ENABLE_OBJC_ARC = YES;
				CLANG_WARN_BLOCK_CAPTURE_AUTORELEASING = YES;
				CLANG_WARN_BOOL_CONVERSION = YES;
				CLANG_WARN_COMMA = YES;
				CLANG_WARN_CONSTANT_CONVERSION = YES;
				CLANG_WARN_DIRECT_OBJC_ISA_USAGE = YES_ERROR;
				CLANG_WARN_DOCUMENTATION_COMMENTS = YES;
				CLANG_WARN_EMPTY_BODY = YES;
				CLANG_WARN_ENUM_CONVERSION = YES;
				CLANG_WARN_INFINITE_RECURSION = YES;
				CLANG_WARN_INT_CONVERSION = YES;
				CLANG_WARN_NON_LITERAL_NULL_CONVERSION = YES;
				CLANG_WARN_OBJC_LITERAL_CONVERSION = YES;
				CLANG_WARN_OBJC_ROOT_CLASS = YES_ERROR;
				CLANG_WARN_RANGE_LOOP_ANALYSIS = YES;
				CLANG_WARN_STRICT_PROTOTYPES = YES;
				CLANG_WARN_SUSPICIOUS_MOVE = YES;
				CLANG_WARN_UNGUARDED_AVAILABILITY = YES_AGGRESSIVE;
				CLANG_WARN_UNREACHABLE_CODE = YES;
				CLANG_WARN__DUPLICATE_METHOD_MATCH = YES;
				CODE_SIGN_IDENTITY = "iPhone Developer";
				COPY_PHASE_STRIP = NO;
				DEBUG_INFORMATION_FORMAT = "dwarf-with-dsym";
				ENABLE_NS_ASSERTIONS = NO;
				ENABLE_STRICT_OBJC_MSGSEND = YES;
				GCC_C_LANGUAGE_STANDARD = gnu11;
				GCC_NO_COMMON_BLOCKS = YES;
				GCC_WARN_64_TO_32_BIT_CONVERSION = YES;
				GCC_WARN_ABOUT_RETURN_TYPE = YES_ERROR;
				GCC_WARN_UNDECLARED_SELECTOR = YES;
				GCC_WARN_UNINITIALIZED_AUTOS = YES_AGGRESSIVE;
				GCC_WARN_UNUSED_FUNCTION = YES;
				GCC_WARN_UNUSED_VARIABLE = YES;
				IPHONEOS_DEPLOYMENT_TARGET = 11.1;
				MTL_ENABLE_DEBUG_INFO = NO;
				SDKROOT = iphoneos;
				SWIFT_OPTIMIZATION_LEVEL = "-Owholemodule";
				VALIDATE_PRODUCT = YES;
			};
			name = Release;
		};
		1ECAB9761FC80F2000183C3E /* Debug */ = {
			isa = XCBuildConfiguration;
			buildSettings = {
				ASSETCATALOG_COMPILER_APPICON_NAME = AppIcon;
				CODE_SIGN_STYLE = Automatic;
				INFOPLIST_FILE = Corsicam/Info.plist;
				LD_RUNPATH_SEARCH_PATHS = "$(inherited) @executable_path/Frameworks";
				PRODUCT_BUNDLE_IDENTIFIER = fr.jeremie.Corsicam;
				PRODUCT_NAME = "$(TARGET_NAME)";
				SWIFT_VERSION = 4.0;
				TARGETED_DEVICE_FAMILY = "1,2";
			};
			name = Debug;
		};
		1ECAB9771FC80F2000183C3E /* Release */ = {
			isa = XCBuildConfiguration;
			buildSettings = {
				ASSETCATALOG_COMPILER_APPICON_NAME = AppIcon;
				CODE_SIGN_STYLE = Automatic;
				INFOPLIST_FILE = Corsicam/Info.plist;
				LD_RUNPATH_SEARCH_PATHS = "$(inherited) @executable_path/Frameworks";
				PRODUCT_BUNDLE_IDENTIFIER = fr.jeremie.Corsicam;
				PRODUCT_NAME = "$(TARGET_NAME)";
				SWIFT_VERSION = 4.0;
				TARGETED_DEVICE_FAMILY = "1,2";
			};
			name = Release;
		};
/* End XCBuildConfiguration section */

/* Begin XCConfigurationList section */
		1ECAB95E1FC80F2000183C3E /* Build configuration list for PBXProject "Corsicam" */ = {
			isa = XCConfigurationList;
			buildConfigurations = (
				1ECAB9731FC80F2000183C3E /* Debug */,
				1ECAB9741FC80F2000183C3E /* Release */,
			);
			defaultConfigurationIsVisible = 0;
			defaultConfigurationName = Release;
		};
		1ECAB9751FC80F2000183C3E /* Build configuration list for PBXNativeTarget "Corsicam" */ = {
			isa = XCConfigurationList;
			buildConfigurations = (
				1ECAB9761FC80F2000183C3E /* Debug */,
				1ECAB9771FC80F2000183C3E /* Release */,
			);
			defaultConfigurationIsVisible = 0;
			defaultConfigurationName = Release;
		};
/* End XCConfigurationList section */
	};
	rootObject = 1ECAB95B1FC80F2000183C3E /* Project object */;
}
